
Microsoft Visual Studio Solution File, Format Version 12.00
# Visual Studio Version 17
VisualStudioVersion = 17.10.34916.146
MinimumVisualStudioVersion = 10.0.40219.1
Project("{9A19103F-16F7-4668-BE54-9A1E7A4F7556}") = "URLShortener", "URLShortener\URLShortener.csproj", "{B262C562-5521-4E68-B52B-6C0461BBA44B}"
EndProject
Project("{54A90642-561A-4BB1-A94E-469ADEE60C69}") = "urlfrontend", "urlfrontend\urlfrontend.esproj", "{6BBFC515-8B11-4DF5-B987-CCBB802A44FE}"
EndProject
Project("{FAE04EC0-301F-11D3-BF4B-00C04F79EFBC}") = "GatewayAPI", "GatewayAPI\GatewayAPI.csproj", "{4A9E468B-B0BA-4E55-9EEF-9298D6A854D1}"
EndProject
Global
	GlobalSection(SolutionConfigurationPlatforms) = preSolution
		Debug|Any CPU = Debug|Any CPU
		Release|Any CPU = Release|Any CPU
	EndGlobalSection
	GlobalSection(ProjectConfigurationPlatforms) = postSolution
		{B262C562-5521-4E68-B52B-6C0461BBA44B}.Debug|Any CPU.ActiveCfg = Debug|Any CPU
		{B262C562-5521-4E68-B52B-6C0461BBA44B}.Debug|Any CPU.Build.0 = Debug|Any CPU
		{B262C562-5521-4E68-B52B-6C0461BBA44B}.Release|Any CPU.ActiveCfg = Release|Any CPU
		{B262C562-5521-4E68-B52B-6C0461BBA44B}.Release|Any CPU.Build.0 = Release|Any CPU
		{6BBFC515-8B11-4DF5-B987-CCBB802A44FE}.Debug|Any CPU.ActiveCfg = Debug|Any CPU
		{6BBFC515-8B11-4DF5-B987-CCBB802A44FE}.Debug|Any CPU.Build.0 = Debug|Any CPU
		{6BBFC515-8B11-4DF5-B987-CCBB802A44FE}.Debug|Any CPU.Deploy.0 = Debug|Any CPU
		{6BBFC515-8B11-4DF5-B987-CCBB802A44FE}.Release|Any CPU.ActiveCfg = Release|Any CPU
		{6BBFC515-8B11-4DF5-B987-CCBB802A44FE}.Release|Any CPU.Build.0 = Release|Any CPU
		{6BBFC515-8B11-4DF5-B987-CCBB802A44FE}.Release|Any CPU.Deploy.0 = Release|Any CPU
		{4A9E468B-B0BA-4E55-9EEF-9298D6A854D1}.Debug|Any CPU.ActiveCfg = Debug|Any CPU
		{4A9E468B-B0BA-4E55-9EEF-9298D6A854D1}.Debug|Any CPU.Build.0 = Debug|Any CPU
		{4A9E468B-B0BA-4E55-9EEF-9298D6A854D1}.Release|Any CPU.ActiveCfg = Release|Any CPU
		{4A9E468B-B0BA-4E55-9EEF-9298D6A854D1}.Release|Any CPU.Build.0 = Release|Any CPU
	EndGlobalSection
	GlobalSection(SolutionProperties) = preSolution
		HideSolutionNode = FALSE
	EndGlobalSection
	GlobalSection(ExtensibilityGlobals) = postSolution
		SolutionGuid = {A75C769C-0047-4F6D-A4ED-29C5ECF844A6}
	EndGlobalSection
EndGlobal
